
Microsoft Visual Studio Solution File, Format Version 12.00
# Visual Studio Version 17
VisualStudioVersion = 17.2.32519.379
MinimumVisualStudioVersion = 10.0.40219.1
Project("{FAE04EC0-301F-11D3-BF4B-00C04F79EFBC}") = "Concecionaria", "WebApplication1\Concecionaria.csproj", "{88431ECC-FC5D-40FF-A812-9249EEAFFD26}"
EndProject
Global
	GlobalSection(SolutionConfigurationPlatforms) = preSolution
		Debug|Any CPU = Debug|Any CPU
		Release|Any CPU = Release|Any CPU
	EndGlobalSection
	GlobalSection(ProjectConfigurationPlatforms) = postSolution
		{88431ECC-FC5D-40FF-A812-9249EEAFFD26}.Debug|Any CPU.ActiveCfg = Debug|Any CPU
		{88431ECC-FC5D-40FF-A812-9249EEAFFD26}.Debug|Any CPU.Build.0 = Debug|Any CPU
		{88431ECC-FC5D-40FF-A812-9249EEAFFD26}.Release|Any CPU.ActiveCfg = Release|Any CPU
		{88431ECC-FC5D-40FF-A812-9249EEAFFD26}.Release|Any CPU.Build.0 = Release|Any CPU
	EndGlobalSection
	GlobalSection(SolutionProperties) = preSolution
		HideSolutionNode = FALSE
	EndGlobalSection
	GlobalSection(ExtensibilityGlobals) = postSolution
		SolutionGuid = {2C31E278-C8A4-443B-98B8-1E00B9D6CAE3}
	EndGlobalSection
EndGlobal
